// !$*UTF8*$!
{
	archiveVersion = 1;
	classes = {
	};
	objectVersion = 50;
	objects = {

/* Begin PBXBuildFile section */
		B8CDA84D26F205D500D45814 /* AppDelegate.swift in Sources */ = {isa = PBXBuildFile; fileRef = B8CDA84C26F205D500D45814 /* AppDelegate.swift */; };
		B8CDA84F26F205D500D45814 /* SceneDelegate.swift in Sources */ = {isa = PBXBuildFile; fileRef = B8CDA84E26F205D500D45814 /* SceneDelegate.swift */; };
		B8CDA85126F205D500D45814 /* ViewController.swift in Sources */ = {isa = PBXBuildFile; fileRef = B8CDA85026F205D500D45814 /* ViewController.swift */; };
		B8CDA85426F205D500D45814 /* Main.storyboard in Resources */ = {isa = PBXBuildFile; fileRef = B8CDA85226F205D500D45814 /* Main.storyboard */; };
		B8CDA85626F205D500D45814 /* Assets.xcassets in Resources */ = {isa = PBXBuildFile; fileRef = B8CDA85526F205D500D45814 /* Assets.xcassets */; };
		B8CDA85926F205D500D45814 /* LaunchScreen.storyboard in Resources */ = {isa = PBXBuildFile; fileRef = B8CDA85726F205D500D45814 /* LaunchScreen.storyboard */; };
		B8CDA86126F2061800D45814 /* Coordinator.swift in Sources */ = {isa = PBXBuildFile; fileRef = B8CDA86026F2061800D45814 /* Coordinator.swift */; };
		B8CDA86326F2067A00D45814 /* Storyboarded.swift in Sources */ = {isa = PBXBuildFile; fileRef = B8CDA86226F2067A00D45814 /* Storyboarded.swift */; };
		B8CDA86526F207A800D45814 /* MainCoordinator.swift in Sources */ = {isa = PBXBuildFile; fileRef = B8CDA86426F207A800D45814 /* MainCoordinator.swift */; };
		B8CDA86726F20A7900D45814 /* BuyViewController.swift in Sources */ = {isa = PBXBuildFile; fileRef = B8CDA86626F20A7900D45814 /* BuyViewController.swift */; };
		B8CDA86926F20A8300D45814 /* CreateAccountViewController.swift in Sources */ = {isa = PBXBuildFile; fileRef = B8CDA86826F20A8300D45814 /* CreateAccountViewController.swift */; };
/* End PBXBuildFile section */

/* Begin PBXFileReference section */
		B8CDA84926F205D500D45814 /* Coordinators.app */ = {isa = PBXFileReference; explicitFileType = wrapper.application; includeInIndex = 0; path = Coordinators.app; sourceTree = BUILT_PRODUCTS_DIR; };
		B8CDA84C26F205D500D45814 /* AppDelegate.swift */ = {isa = PBXFileReference; lastKnownFileType = sourcecode.swift; path = AppDelegate.swift; sourceTree = "<group>"; };
		B8CDA84E26F205D500D45814 /* SceneDelegate.swift */ = {isa = PBXFileReference; lastKnownFileType = sourcecode.swift; path = SceneDelegate.swift; sourceTree = "<group>"; };
		B8CDA85026F205D500D45814 /* ViewController.swift */ = {isa = PBXFileReference; lastKnownFileType = sourcecode.swift; path = ViewController.swift; sourceTree = "<group>"; };
		B8CDA85326F205D500D45814 /* Base */ = {isa = PBXFileReference; lastKnownFileType = file.storyboard; name = Base; path = Base.lproj/Main.storyboard; sourceTree = "<group>"; };
		B8CDA85526F205D500D45814 /* Assets.xcassets */ = {isa = PBXFileReference; lastKnownFileType = folder.assetcatalog; path = Assets.xcassets; sourceTree = "<group>"; };
		B8CDA85826F205D500D45814 /* Base */ = {isa = PBXFileReference; lastKnownFileType = file.storyboard; name = Base; path = Base.lproj/LaunchScreen.storyboard; sourceTree = "<group>"; };
		B8CDA85A26F205D500D45814 /* Info.plist */ = {isa = PBXFileReference; lastKnownFileType = text.plist.xml; path = Info.plist; sourceTree = "<group>"; };
		B8CDA86026F2061800D45814 /* Coordinator.swift */ = {isa = PBXFileReference; lastKnownFileType = sourcecode.swift; path = Coordinator.swift; sourceTree = "<group>"; };
		B8CDA86226F2067A00D45814 /* Storyboarded.swift */ = {isa = PBXFileReference; lastKnownFileType = sourcecode.swift; path = Storyboarded.swift; sourceTree = "<group>"; };
		B8CDA86426F207A800D45814 /* MainCoordinator.swift */ = {isa = PBXFileReference; lastKnownFileType = sourcecode.swift; path = MainCoordinator.swift; sourceTree = "<group>"; };
		B8CDA86626F20A7900D45814 /* BuyViewController.swift */ = {isa = PBXFileReference; lastKnownFileType = sourcecode.swift; path = BuyViewController.swift; sourceTree = "<group>"; };
		B8CDA86826F20A8300D45814 /* CreateAccountViewController.swift */ = {isa = PBXFileReference; lastKnownFileType = sourcecode.swift; path = CreateAccountViewController.swift; sourceTree = "<group>"; };
/* End PBXFileReference section */

/* Begin PBXFrameworksBuildPhase section */
		B8CDA84626F205D500D45814 /* Frameworks */ = {
			isa = PBXFrameworksBuildPhase;
			buildActionMask = 2147483647;
			files = (
			);
			runOnlyForDeploymentPostprocessing = 0;
		};
/* End PBXFrameworksBuildPhase section */

/* Begin PBXGroup section */
		B8CDA84026F205D500D45814 = {
			isa = PBXGroup;
			children = (
				B8CDA84B26F205D500D45814 /* Coordinators */,
				B8CDA84A26F205D500D45814 /* Products */,
			);
			sourceTree = "<group>";
		};
		B8CDA84A26F205D500D45814 /* Products */ = {
			isa = PBXGroup;
			children = (
				B8CDA84926F205D500D45814 /* Coordinators.app */,
			);
			name = Products;
			sourceTree = "<group>";
		};
		B8CDA84B26F205D500D45814 /* Coordinators */ = {
			isa = PBXGroup;
			children = (
				B8CDA84C26F205D500D45814 /* AppDelegate.swift */,
				B8CDA84E26F205D500D45814 /* SceneDelegate.swift */,
				B8CDA86B26F2155C00D45814 /* Coordinator */,
				B8CDA86A26F2154F00D45814 /* Controllers */,
				B8CDA86C26F2157100D45814 /* Extensions */,
				B8CDA85226F205D500D45814 /* Main.storyboard */,
				B8CDA85526F205D500D45814 /* Assets.xcassets */,
				B8CDA85726F205D500D45814 /* LaunchScreen.storyboard */,
				B8CDA85A26F205D500D45814 /* Info.plist */,
			);
			path = Coordinators;
			sourceTree = "<group>";
		};
		B8CDA86A26F2154F00D45814 /* Controllers */ = {
			isa = PBXGroup;
			children = (
				B8CDA86626F20A7900D45814 /* BuyViewController.swift */,
				B8CDA86826F20A8300D45814 /* CreateAccountViewController.swift */,
				B8CDA85026F205D500D45814 /* ViewController.swift */,
			);
			path = Controllers;
			sourceTree = "<group>";
		};
		B8CDA86B26F2155C00D45814 /* Coordinator */ = {
			isa = PBXGroup;
			children = (
				B8CDA86026F2061800D45814 /* Coordinator.swift */,
				B8CDA86426F207A800D45814 /* MainCoordinator.swift */,
			);
			path = Coordinator;
			sourceTree = "<group>";
		};
		B8CDA86C26F2157100D45814 /* Extensions */ = {
			isa = PBXGroup;
			children = (
				B8CDA86226F2067A00D45814 /* Storyboarded.swift */,
			);
			path = Extensions;
			sourceTree = "<group>";
		};
/* End PBXGroup section */

/* Begin PBXNativeTarget section */
		B8CDA84826F205D500D45814 /* Coordinators */ = {
			isa = PBXNativeTarget;
			buildConfigurationList = B8CDA85D26F205D500D45814 /* Build configuration list for PBXNativeTarget "Coordinators" */;
			buildPhases = (
				B8CDA84526F205D500D45814 /* Sources */,
				B8CDA84626F205D500D45814 /* Frameworks */,
				B8CDA84726F205D500D45814 /* Resources */,
			);
			buildRules = (
			);
			dependencies = (
			);
			name = Coordinators;
			productName = Coordinators;
			productReference = B8CDA84926F205D500D45814 /* Coordinators.app */;
			productType = "com.apple.product-type.application";
		};
/* End PBXNativeTarget section */

/* Begin PBXProject section */
		B8CDA84126F205D500D45814 /* Project object */ = {
			isa = PBXProject;
			attributes = {
				LastSwiftUpdateCheck = 1250;
				LastUpgradeCheck = 1250;
				TargetAttributes = {
					B8CDA84826F205D500D45814 = {
						CreatedOnToolsVersion = 12.5.1;
					};
				};
			};
			buildConfigurationList = B8CDA84426F205D500D45814 /* Build configuration list for PBXProject "Coordinators" */;
			compatibilityVersion = "Xcode 9.3";
			developmentRegion = en;
			hasScannedForEncodings = 0;
			knownRegions = (
				en,
				Base,
			);
			mainGroup = B8CDA84026F205D500D45814;
			productRefGroup = B8CDA84A26F205D500D45814 /* Products */;
			projectDirPath = "";
			projectRoot = "";
			targets = (
				B8CDA84826F205D500D45814 /* Coordinators */,
			);
		};
/* End PBXProject section */

/* Begin PBXResourcesBuildPhase section */
		B8CDA84726F205D500D45814 /* Resources */ = {
			isa = PBXResourcesBuildPhase;
			buildActionMask = 2147483647;
			files = (
				B8CDA85926F205D500D45814 /* LaunchScreen.storyboard in Resources */,
				B8CDA85626F205D500D45814 /* Assets.xcassets in Resources */,
				B8CDA85426F205D500D45814 /* Main.storyboard in Resources */,
			);
			runOnlyForDeploymentPostprocessing = 0;
		};
/* End PBXResourcesBuildPhase section */

/* Begin PBXSourcesBuildPhase section */
		B8CDA84526F205D500D45814 /* Sources */ = {
			isa = PBXSourcesBuildPhase;
			buildActionMask = 2147483647;
			files = (
				B8CDA86126F2061800D45814 /* Coordinator.swift in Sources */,
				B8CDA86526F207A800D45814 /* MainCoordinator.swift in Sources */,
				B8CDA85126F205D500D45814 /* ViewController.swift in Sources */,
				B8CDA86326F2067A00D45814 /* Storyboarded.swift in Sources */,
				B8CDA86926F20A8300D45814 /* CreateAccountViewController.swift in Sources */,
				B8CDA84D26F205D500D45814 /* AppDelegate.swift in Sources */,
				B8CDA86726F20A7900D45814 /* BuyViewController.swift in Sources */,
				B8CDA84F26F205D500D45814 /* SceneDelegate.swift in Sources */,
			);
			runOnlyForDeploymentPostprocessing = 0;
		};
/* End PBXSourcesBuildPhase section */

/* Begin PBXVariantGroup section */
		B8CDA85226F205D500D45814 /* Main.storyboard */ = {
			isa = PBXVariantGroup;
			children = (
				B8CDA85326F205D500D45814 /* Base */,
			);
			name = Main.storyboard;
			sourceTree = "<group>";
		};
		B8CDA85726F205D500D45814 /* LaunchScreen.storyboard */ = {
			isa = PBXVariantGroup;
			children = (
				B8CDA85826F205D500D45814 /* Base */,
			);
			name = LaunchScreen.storyboard;
			sourceTree = "<group>";
		};
/* End PBXVariantGroup section */

/* Begin XCBuildConfiguration section */
		B8CDA85B26F205D500D45814 /* Debug */ = {
			isa = XCBuildConfiguration;
			buildSettings = {
				ALWAYS_SEARCH_USER_PATHS = NO;
				CLANG_ANALYZER_NONNULL = YES;
				CLANG_ANALYZER_NUMBER_OBJECT_CONVERSION = YES_AGGRESSIVE;
				CLANG_CXX_LANGUAGE_STANDARD = "gnu++14";
				CLANG_CXX_LIBRARY = "libc++";
				CLANG_ENABLE_MODULES = YES;
				CLANG_ENABLE_OBJC_ARC = YES;
				CLANG_ENABLE_OBJC_WEAK = YES;
				CLANG_WARN_BLOCK_CAPTURE_AUTORELEASING = YES;
				CLANG_WARN_BOOL_CONVERSION = YES;
				CLANG_WARN_COMMA = YES;
				CLANG_WARN_CONSTANT_CONVERSION = YES;
				CLANG_WARN_DEPRECATED_OBJC_IMPLEMENTATIONS = YES;
				CLANG_WARN_DIRECT_OBJC_ISA_USAGE = YES_ERROR;
				CLANG_WARN_DOCUMENTATION_COMMENTS = YES;
				CLANG_WARN_EMPTY_BODY = YES;
				CLANG_WARN_ENUM_CONVERSION = YES;
				CLANG_WARN_INFINITE_RECURSION = YES;
				CLANG_WARN_INT_CONVERSION = YES;
				CLANG_WARN_NON_LITERAL_NULL_CONVERSION = YES;
				CLANG_WARN_OBJC_IMPLICIT_RETAIN_SELF = YES;
				CLANG_WARN_OBJC_LITERAL_CONVERSION = YES;
				CLANG_WARN_OBJC_ROOT_CLASS = YES_ERROR;
				CLANG_WARN_QUOTED_INCLUDE_IN_FRAMEWORK_HEADER = YES;
				CLANG_WARN_RANGE_LOOP_ANALYSIS = YES;
				CLANG_WARN_STRICT_PROTOTYPES = YES;
				CLANG_WARN_SUSPICIOUS_MOVE = YES;
				CLANG_WARN_UNGUARDED_AVAILABILITY = YES_AGGRESSIVE;
				CLANG_WARN_UNREACHABLE_CODE = YES;
				CLANG_WARN__DUPLICATE_METHOD_MATCH = YES;
				COPY_PHASE_STRIP = NO;
				DEBUG_INFORMATION_FORMAT = dwarf;
				ENABLE_STRICT_OBJC_MSGSEND = YES;
				ENABLE_TESTABILITY = YES;
				GCC_C_LANGUAGE_STANDARD = gnu11;
				GCC_DYNAMIC_NO_PIC = NO;
				GCC_NO_COMMON_BLOCKS = YES;
				GCC_OPTIMIZATION_LEVEL = 0;
				GCC_PREPROCESSOR_DEFINITIONS = (
					"DEBUG=1",
					"$(inherited)",
				);
				GCC_WARN_64_TO_32_BIT_CONVERSION = YES;
				GCC_WARN_ABOUT_RETURN_TYPE = YES_ERROR;
				GCC_WARN_UNDECLARED_SELECTOR = YES;
				GCC_WARN_UNINITIALIZED_AUTOS = YES_AGGRESSIVE;
				GCC_WARN_UNUSED_FUNCTION = YES;
				GCC_WARN_UNUSED_VARIABLE = YES;
				IPHONEOS_DEPLOYMENT_TARGET = 14.5;
				MTL_ENABLE_DEBUG_INFO = INCLUDE_SOURCE;
				MTL_FAST_MATH = YES;
				ONLY_ACTIVE_ARCH = YES;
				SDKROOT = iphoneos;
				SWIFT_ACTIVE_COMPILATION_CONDITIONS = DEBUG;
				SWIFT_OPTIMIZATION_LEVEL = "-Onone";
			};
			name = Debug;
		};
		B8CDA85C26F205D500D45814 /* Release */ = {
			isa = XCBuildConfiguration;
			buildSettings = {
				ALWAYS_SEARCH_USER_PATHS = NO;
				CLANG_ANALYZER_NONNULL = YES;
				CLANG_ANALYZER_NUMBER_OBJECT_CONVERSION = YES_AGGRESSIVE;
				CLANG_CXX_LANGUAGE_STANDARD = "gnu++14";
				CLANG_CXX_LIBRARY = "libc++";
				CLANG_ENABLE_MODULES = YES;
				CLANG_ENABLE_OBJC_ARC = YES;
				CLANG_ENABLE_OBJC_WEAK = YES;
				CLANG_WARN_BLOCK_CAPTURE_AUTORELEASING = YES;
				CLANG_WARN_BOOL_CONVERSION = YES;
				CLANG_WARN_COMMA = YES;
				CLANG_WARN_CONSTANT_CONVERSION = YES;
				CLANG_WARN_DEPRECATED_OBJC_IMPLEMENTATIONS = YES;
				CLANG_WARN_DIRECT_OBJC_ISA_USAGE = YES_ERROR;
				CLANG_WARN_DOCUMENTATION_COMMENTS = YES;
				CLANG_WARN_EMPTY_BODY = YES;
				CLANG_WARN_ENUM_CONVERSION = YES;
				CLANG_WARN_INFINITE_RECURSION = YES;
				CLANG_WARN_INT_CONVERSION = YES;
				CLANG_WARN_NON_LITERAL_NULL_CONVERSION = YES;
				CLANG_WARN_OBJC_IMPLICIT_RETAIN_SELF = YES;
				CLANG_WARN_OBJC_LITERAL_CONVERSION = YES;
				CLANG_WARN_OBJC_ROOT_CLASS = YES_ERROR;
				CLANG_WARN_QUOTED_INCLUDE_IN_FRAMEWORK_HEADER = YES;
				CLANG_WARN_RANGE_LOOP_ANALYSIS = YES;
				CLANG_WARN_STRICT_PROTOTYPES = YES;
				CLANG_WARN_SUSPICIOUS_MOVE = YES;
				CLANG_WARN_UNGUARDED_AVAILABILITY = YES_AGGRESSIVE;
				CLANG_WARN_UNREACHABLE_CODE = YES;
				CLANG_WARN__DUPLICATE_METHOD_MATCH = YES;
				COPY_PHASE_STRIP = NO;
				DEBUG_INFORMATION_FORMAT = "dwarf-with-dsym";
				ENABLE_NS_ASSERTIONS = NO;
				ENABLE_STRICT_OBJC_MSGSEND = YES;
				GCC_C_LANGUAGE_STANDARD = gnu11;
				GCC_NO_COMMON_BLOCKS = YES;
				GCC_WARN_64_TO_32_BIT_CONVERSION = YES;
				GCC_WARN_ABOUT_RETURN_TYPE = YES_ERROR;
				GCC_WARN_UNDECLARED_SELECTOR = YES;
				GCC_WARN_UNINITIALIZED_AUTOS = YES_AGGRESSIVE;
				GCC_WARN_UNUSED_FUNCTION = YES;
				GCC_WARN_UNUSED_VARIABLE = YES;
				IPHONEOS_DEPLOYMENT_TARGET = 14.5;
				MTL_ENABLE_DEBUG_INFO = NO;
				MTL_FAST_MATH = YES;
				SDKROOT = iphoneos;
				SWIFT_COMPILATION_MODE = wholemodule;
				SWIFT_OPTIMIZATION_LEVEL = "-O";
				VALIDATE_PRODUCT = YES;
			};
			name = Release;
		};
		B8CDA85E26F205D500D45814 /* Debug */ = {
			isa = XCBuildConfiguration;
			buildSettings = {
				ASSETCATALOG_COMPILER_APPICON_NAME = AppIcon;
				ASSETCATALOG_COMPILER_GLOBAL_ACCENT_COLOR_NAME = AccentColor;
				CODE_SIGN_STYLE = Automatic;
				DEVELOPMENT_TEAM = 2DY52YYPUP;
				INFOPLIST_FILE = Coordinators/Info.plist;
				LD_RUNPATH_SEARCH_PATHS = (
					"$(inherited)",
					"@executable_path/Frameworks",
				);
				PRODUCT_BUNDLE_IDENTIFIER = valeriia.abelovska.Coordinators;
				PRODUCT_NAME = "$(TARGET_NAME)";
				SWIFT_VERSION = 5.0;
				TARGETED_DEVICE_FAMILY = "1,2";
			};
			name = Debug;
		};
		B8CDA85F26F205D500D45814 /* Release */ = {
			isa = XCBuildConfiguration;
			buildSettings = {
				ASSETCATALOG_COMPILER_APPICON_NAME = AppIcon;
				ASSETCATALOG_COMPILER_GLOBAL_ACCENT_COLOR_NAME = AccentColor;
				CODE_SIGN_STYLE = Automatic;
				DEVELOPMENT_TEAM = 2DY52YYPUP;
				INFOPLIST_FILE = Coordinators/Info.plist;
				LD_RUNPATH_SEARCH_PATHS = (
					"$(inherited)",
					"@executable_path/Frameworks",
				);
				PRODUCT_BUNDLE_IDENTIFIER = valeriia.abelovska.Coordinators;
				PRODUCT_NAME = "$(TARGET_NAME)";
				SWIFT_VERSION = 5.0;
				TARGETED_DEVICE_FAMILY = "1,2";
			};
			name = Release;
		};
/* End XCBuildConfiguration section */

/* Begin XCConfigurationList section */
		B8CDA84426F205D500D45814 /* Build configuration list for PBXProject "Coordinators" */ = {
			isa = XCConfigurationList;
			buildConfigurations = (
				B8CDA85B26F205D500D45814 /* Debug */,
				B8CDA85C26F205D500D45814 /* Release */,
			);
			defaultConfigurationIsVisible = 0;
			defaultConfigurationName = Release;
		};
		B8CDA85D26F205D500D45814 /* Build configuration list for PBXNativeTarget "Coordinators" */ = {
			isa = XCConfigurationList;
			buildConfigurations = (
				B8CDA85E26F205D500D45814 /* Debug */,
				B8CDA85F26F205D500D45814 /* Release */,
			);
			defaultConfigurationIsVisible = 0;
			defaultConfigurationName = Release;
		};
/* End XCConfigurationList section */
	};
	rootObject = B8CDA84126F205D500D45814 /* Project object */;
}
